// !$*UTF8*$!
{
	archiveVersion = 1;
	classes = {
	};
	objectVersion = 51;
	objects = {

/* Begin PBXBuildFile section */
		66A6494DAC233D069D847669 /* Pods_GroupChat.framework in Frameworks */ = {isa = PBXBuildFile; fileRef = 17410722C45197E22FDA1E32 /* Pods_GroupChat.framework */; };
		D4A14D5226C1489C004C1564 /* WelcomeViewController.swift in Sources */ = {isa = PBXBuildFile; fileRef = D4A14D5126C1489C004C1564 /* WelcomeViewController.swift */; };
		D4A14D5426C148A9004C1564 /* LoginViewController.swift in Sources */ = {isa = PBXBuildFile; fileRef = D4A14D5326C148A9004C1564 /* LoginViewController.swift */; };
		D4A14D5626C148C7004C1564 /* RegisterViewController.swift in Sources */ = {isa = PBXBuildFile; fileRef = D4A14D5526C148C7004C1564 /* RegisterViewController.swift */; };
		D4A14D5826C15050004C1564 /* GroupsTableViewController.swift in Sources */ = {isa = PBXBuildFile; fileRef = D4A14D5726C1504F004C1564 /* GroupsTableViewController.swift */; };
		D4A14D5A26C15125004C1564 /* GoogleService-Info.plist in Resources */ = {isa = PBXBuildFile; fileRef = D4A14D5926C15125004C1564 /* GoogleService-Info.plist */; };
		D4A14D5C26C170EE004C1564 /* SideNavViewController.swift in Sources */ = {isa = PBXBuildFile; fileRef = D4A14D5B26C170EE004C1564 /* SideNavViewController.swift */; };
		D4A14D5E26C1778A004C1564 /* ProfilePageViewController.swift in Sources */ = {isa = PBXBuildFile; fileRef = D4A14D5D26C1778A004C1564 /* ProfilePageViewController.swift */; };
		D4A14D6026C17CDC004C1564 /* Group.swift in Sources */ = {isa = PBXBuildFile; fileRef = D4A14D5F26C17CDC004C1564 /* Group.swift */; };
		D4A14D6226C17D2C004C1564 /* User.swift in Sources */ = {isa = PBXBuildFile; fileRef = D4A14D6126C17D2C004C1564 /* User.swift */; };
		D4A14D6426C181F9004C1564 /* UserManager.swift in Sources */ = {isa = PBXBuildFile; fileRef = D4A14D6326C181F9004C1564 /* UserManager.swift */; };
		D4C57C2F26C146D6000351FE /* AppDelegate.swift in Sources */ = {isa = PBXBuildFile; fileRef = D4C57C2E26C146D6000351FE /* AppDelegate.swift */; };
		D4C57C3126C146D6000351FE /* SceneDelegate.swift in Sources */ = {isa = PBXBuildFile; fileRef = D4C57C3026C146D6000351FE /* SceneDelegate.swift */; };
		D4C57C3326C146D6000351FE /* ViewController.swift in Sources */ = {isa = PBXBuildFile; fileRef = D4C57C3226C146D6000351FE /* ViewController.swift */; };
		D4C57C3626C146D6000351FE /* Main.storyboard in Resources */ = {isa = PBXBuildFile; fileRef = D4C57C3426C146D6000351FE /* Main.storyboard */; };
		D4C57C3826C146D7000351FE /* Assets.xcassets in Resources */ = {isa = PBXBuildFile; fileRef = D4C57C3726C146D7000351FE /* Assets.xcassets */; };
		D4C57C3B26C146D7000351FE /* LaunchScreen.storyboard in Resources */ = {isa = PBXBuildFile; fileRef = D4C57C3926C146D7000351FE /* LaunchScreen.storyboard */; };
/* End PBXBuildFile section */

/* Begin PBXFileReference section */
		17410722C45197E22FDA1E32 /* Pods_GroupChat.framework */ = {isa = PBXFileReference; explicitFileType = wrapper.framework; includeInIndex = 0; path = Pods_GroupChat.framework; sourceTree = BUILT_PRODUCTS_DIR; };
		59BFC1D253F5DC78E51B4660 /* Pods-GroupChat.debug.xcconfig */ = {isa = PBXFileReference; includeInIndex = 1; lastKnownFileType = text.xcconfig; name = "Pods-GroupChat.debug.xcconfig"; path = "Target Support Files/Pods-GroupChat/Pods-GroupChat.debug.xcconfig"; sourceTree = "<group>"; };
		8146E42E36A6B04EA2094F6D /* Pods-GroupChat.release.xcconfig */ = {isa = PBXFileReference; includeInIndex = 1; lastKnownFileType = text.xcconfig; name = "Pods-GroupChat.release.xcconfig"; path = "Target Support Files/Pods-GroupChat/Pods-GroupChat.release.xcconfig"; sourceTree = "<group>"; };
		D4A14D5126C1489C004C1564 /* WelcomeViewController.swift */ = {isa = PBXFileReference; lastKnownFileType = sourcecode.swift; path = WelcomeViewController.swift; sourceTree = "<group>"; };
		D4A14D5326C148A9004C1564 /* LoginViewController.swift */ = {isa = PBXFileReference; lastKnownFileType = sourcecode.swift; path = LoginViewController.swift; sourceTree = "<group>"; };
		D4A14D5526C148C7004C1564 /* RegisterViewController.swift */ = {isa = PBXFileReference; lastKnownFileType = sourcecode.swift; path = RegisterViewController.swift; sourceTree = "<group>"; };
		D4A14D5726C1504F004C1564 /* GroupsTableViewController.swift */ = {isa = PBXFileReference; lastKnownFileType = sourcecode.swift; path = GroupsTableViewController.swift; sourceTree = "<group>"; };
		D4A14D5926C15125004C1564 /* GoogleService-Info.plist */ = {isa = PBXFileReference; fileEncoding = 4; lastKnownFileType = text.plist.xml; path = "GoogleService-Info.plist"; sourceTree = "<group>"; };
		D4A14D5B26C170EE004C1564 /* SideNavViewController.swift */ = {isa = PBXFileReference; lastKnownFileType = sourcecode.swift; path = SideNavViewController.swift; sourceTree = "<group>"; };
		D4A14D5D26C1778A004C1564 /* ProfilePageViewController.swift */ = {isa = PBXFileReference; lastKnownFileType = sourcecode.swift; path = ProfilePageViewController.swift; sourceTree = "<group>"; };
		D4A14D5F26C17CDC004C1564 /* Group.swift */ = {isa = PBXFileReference; lastKnownFileType = sourcecode.swift; path = Group.swift; sourceTree = "<group>"; };
		D4A14D6126C17D2C004C1564 /* User.swift */ = {isa = PBXFileReference; lastKnownFileType = sourcecode.swift; path = User.swift; sourceTree = "<group>"; };
		D4A14D6326C181F9004C1564 /* UserManager.swift */ = {isa = PBXFileReference; lastKnownFileType = sourcecode.swift; path = UserManager.swift; sourceTree = "<group>"; };
		D4C57C2B26C146D6000351FE /* GroupChat.app */ = {isa = PBXFileReference; explicitFileType = wrapper.application; includeInIndex = 0; path = GroupChat.app; sourceTree = BUILT_PRODUCTS_DIR; };
		D4C57C2E26C146D6000351FE /* AppDelegate.swift */ = {isa = PBXFileReference; lastKnownFileType = sourcecode.swift; path = AppDelegate.swift; sourceTree = "<group>"; };
		D4C57C3026C146D6000351FE /* SceneDelegate.swift */ = {isa = PBXFileReference; lastKnownFileType = sourcecode.swift; path = SceneDelegate.swift; sourceTree = "<group>"; };
		D4C57C3226C146D6000351FE /* ViewController.swift */ = {isa = PBXFileReference; lastKnownFileType = sourcecode.swift; path = ViewController.swift; sourceTree = "<group>"; };
		D4C57C3526C146D6000351FE /* Base */ = {isa = PBXFileReference; lastKnownFileType = file.storyboard; name = Base; path = Base.lproj/Main.storyboard; sourceTree = "<group>"; };
		D4C57C3726C146D7000351FE /* Assets.xcassets */ = {isa = PBXFileReference; lastKnownFileType = folder.assetcatalog; path = Assets.xcassets; sourceTree = "<group>"; };
		D4C57C3A26C146D7000351FE /* Base */ = {isa = PBXFileReference; lastKnownFileType = file.storyboard; name = Base; path = Base.lproj/LaunchScreen.storyboard; sourceTree = "<group>"; };
		D4C57C3C26C146D7000351FE /* Info.plist */ = {isa = PBXFileReference; lastKnownFileType = text.plist.xml; path = Info.plist; sourceTree = "<group>"; };
/* End PBXFileReference section */

/* Begin PBXFrameworksBuildPhase section */
		D4C57C2826C146D6000351FE /* Frameworks */ = {
			isa = PBXFrameworksBuildPhase;
			buildActionMask = 2147483647;
			files = (
				66A6494DAC233D069D847669 /* Pods_GroupChat.framework in Frameworks */,
			);
			runOnlyForDeploymentPostprocessing = 0;
		};
/* End PBXFrameworksBuildPhase section */

/* Begin PBXGroup section */
		B2BB12D89379D714FAA64F12 /* Pods */ = {
			isa = PBXGroup;
			children = (
				59BFC1D253F5DC78E51B4660 /* Pods-GroupChat.debug.xcconfig */,
				8146E42E36A6B04EA2094F6D /* Pods-GroupChat.release.xcconfig */,
			);
			path = Pods;
			sourceTree = "<group>";
		};
		C7F5D4BC3EE7FAEFCE2C84EF /* Frameworks */ = {
			isa = PBXGroup;
			children = (
				17410722C45197E22FDA1E32 /* Pods_GroupChat.framework */,
			);
			name = Frameworks;
			sourceTree = "<group>";
		};
		D4C57C2226C146D6000351FE = {
			isa = PBXGroup;
			children = (
				D4C57C2D26C146D6000351FE /* GroupChat */,
				D4C57C2C26C146D6000351FE /* Products */,
				B2BB12D89379D714FAA64F12 /* Pods */,
				C7F5D4BC3EE7FAEFCE2C84EF /* Frameworks */,
			);
			sourceTree = "<group>";
		};
		D4C57C2C26C146D6000351FE /* Products */ = {
			isa = PBXGroup;
			children = (
				D4C57C2B26C146D6000351FE /* GroupChat.app */,
			);
			name = Products;
			sourceTree = "<group>";
		};
		D4C57C2D26C146D6000351FE /* GroupChat */ = {
			isa = PBXGroup;
			children = (
				D4A14D5D26C1778A004C1564 /* ProfilePageViewController.swift */,
				D4C57C2E26C146D6000351FE /* AppDelegate.swift */,
				D4C57C3026C146D6000351FE /* SceneDelegate.swift */,
				D4C57C3226C146D6000351FE /* ViewController.swift */,
				D4C57C3426C146D6000351FE /* Main.storyboard */,
				D4C57C3726C146D7000351FE /* Assets.xcassets */,
				D4C57C3926C146D7000351FE /* LaunchScreen.storyboard */,
				D4C57C3C26C146D7000351FE /* Info.plist */,
				D4A14D5126C1489C004C1564 /* WelcomeViewController.swift */,
				D4A14D5326C148A9004C1564 /* LoginViewController.swift */,
				D4A14D5526C148C7004C1564 /* RegisterViewController.swift */,
				D4A14D5726C1504F004C1564 /* GroupsTableViewController.swift */,
				D4A14D5926C15125004C1564 /* GoogleService-Info.plist */,
				D4A14D5B26C170EE004C1564 /* SideNavViewController.swift */,
				D4A14D5F26C17CDC004C1564 /* Group.swift */,
				D4A14D6126C17D2C004C1564 /* User.swift */,
				D4A14D6326C181F9004C1564 /* UserManager.swift */,
			);
			path = GroupChat;
			sourceTree = "<group>";
		};
/* End PBXGroup section */

/* Begin PBXNativeTarget section */
		D4C57C2A26C146D6000351FE /* GroupChat */ = {
			isa = PBXNativeTarget;
			buildConfigurationList = D4C57C3F26C146D7000351FE /* Build configuration list for PBXNativeTarget "GroupChat" */;
			buildPhases = (
				205ABF8F560C7FEDC1FD0EED /* [CP] Check Pods Manifest.lock */,
				D4C57C2726C146D6000351FE /* Sources */,
				D4C57C2826C146D6000351FE /* Frameworks */,
				D4C57C2926C146D6000351FE /* Resources */,
				423E0AE43ECF50F01A35C7A5 /* [CP] Embed Pods Frameworks */,
			);
			buildRules = (
			);
			dependencies = (
			);
			name = GroupChat;
			productName = GroupChat;
			productReference = D4C57C2B26C146D6000351FE /* GroupChat.app */;
			productType = "com.apple.product-type.application";
		};
/* End PBXNativeTarget section */

/* Begin PBXProject section */
		D4C57C2326C146D6000351FE /* Project object */ = {
			isa = PBXProject;
			attributes = {
				LastSwiftUpdateCheck = 1250;
				LastUpgradeCheck = 1250;
				TargetAttributes = {
					D4C57C2A26C146D6000351FE = {
						CreatedOnToolsVersion = 12.5.1;
					};
				};
			};
			buildConfigurationList = D4C57C2626C146D6000351FE /* Build configuration list for PBXProject "GroupChat" */;
			compatibilityVersion = "Xcode 9.3";
			developmentRegion = en;
			hasScannedForEncodings = 0;
			knownRegions = (
				en,
				Base,
			);
			mainGroup = D4C57C2226C146D6000351FE;
			productRefGroup = D4C57C2C26C146D6000351FE /* Products */;
			projectDirPath = "";
			projectRoot = "";
			targets = (
				D4C57C2A26C146D6000351FE /* GroupChat */,
			);
		};
/* End PBXProject section */

/* Begin PBXResourcesBuildPhase section */
		D4C57C2926C146D6000351FE /* Resources */ = {
			isa = PBXResourcesBuildPhase;
			buildActionMask = 2147483647;
			files = (
				D4C57C3B26C146D7000351FE /* LaunchScreen.storyboard in Resources */,
				D4A14D5A26C15125004C1564 /* GoogleService-Info.plist in Resources */,
				D4C57C3826C146D7000351FE /* Assets.xcassets in Resources */,
				D4C57C3626C146D6000351FE /* Main.storyboard in Resources */,
			);
			runOnlyForDeploymentPostprocessing = 0;
		};
/* End PBXResourcesBuildPhase section */

/* Begin PBXShellScriptBuildPhase section */
		205ABF8F560C7FEDC1FD0EED /* [CP] Check Pods Manifest.lock */ = {
			isa = PBXShellScriptBuildPhase;
			buildActionMask = 2147483647;
			files = (
			);
			inputFileListPaths = (
			);
			inputPaths = (
				"${PODS_PODFILE_DIR_PATH}/Podfile.lock",
				"${PODS_ROOT}/Manifest.lock",
			);
			name = "[CP] Check Pods Manifest.lock";
			outputFileListPaths = (
			);
			outputPaths = (
				"$(DERIVED_FILE_DIR)/Pods-GroupChat-checkManifestLockResult.txt",
			);
			runOnlyForDeploymentPostprocessing = 0;
			shellPath = /bin/sh;
			shellScript = "diff \"${PODS_PODFILE_DIR_PATH}/Podfile.lock\" \"${PODS_ROOT}/Manifest.lock\" > /dev/null\nif [ $? != 0 ] ; then\n    # print error to STDERR\n    echo \"error: The sandbox is not in sync with the Podfile.lock. Run 'pod install' or update your CocoaPods installation.\" >&2\n    exit 1\nfi\n# This output is used by Xcode 'outputs' to avoid re-running this script phase.\necho \"SUCCESS\" > \"${SCRIPT_OUTPUT_FILE_0}\"\n";
			showEnvVarsInLog = 0;
		};
		423E0AE43ECF50F01A35C7A5 /* [CP] Embed Pods Frameworks */ = {
			isa = PBXShellScriptBuildPhase;
			buildActionMask = 2147483647;
			files = (
			);
			inputFileListPaths = (
				"${PODS_ROOT}/Target Support Files/Pods-GroupChat/Pods-GroupChat-frameworks-${CONFIGURATION}-input-files.xcfilelist",
			);
			name = "[CP] Embed Pods Frameworks";
			outputFileListPaths = (
				"${PODS_ROOT}/Target Support Files/Pods-GroupChat/Pods-GroupChat-frameworks-${CONFIGURATION}-output-files.xcfilelist",
			);
			runOnlyForDeploymentPostprocessing = 0;
			shellPath = /bin/sh;
			shellScript = "\"${PODS_ROOT}/Target Support Files/Pods-GroupChat/Pods-GroupChat-frameworks.sh\"\n";
			showEnvVarsInLog = 0;
		};
/* End PBXShellScriptBuildPhase section */

/* Begin PBXSourcesBuildPhase section */
		D4C57C2726C146D6000351FE /* Sources */ = {
			isa = PBXSourcesBuildPhase;
			buildActionMask = 2147483647;
			files = (
				D4C57C3326C146D6000351FE /* ViewController.swift in Sources */,
				D4A14D5226C1489C004C1564 /* WelcomeViewController.swift in Sources */,
				D4C57C2F26C146D6000351FE /* AppDelegate.swift in Sources */,
				D4A14D6026C17CDC004C1564 /* Group.swift in Sources */,
				D4A14D5626C148C7004C1564 /* RegisterViewController.swift in Sources */,
				D4A14D5E26C1778A004C1564 /* ProfilePageViewController.swift in Sources */,
				D4A14D6426C181F9004C1564 /* UserManager.swift in Sources */,
				D4A14D5826C15050004C1564 /* GroupsTableViewController.swift in Sources */,
				D4A14D5426C148A9004C1564 /* LoginViewController.swift in Sources */,
				D4C57C3126C146D6000351FE /* SceneDelegate.swift in Sources */,
				D4A14D5C26C170EE004C1564 /* SideNavViewController.swift in Sources */,
				D4A14D6226C17D2C004C1564 /* User.swift in Sources */,
			);
			runOnlyForDeploymentPostprocessing = 0;
		};
/* End PBXSourcesBuildPhase section */

/* Begin PBXVariantGroup section */
		D4C57C3426C146D6000351FE /* Main.storyboard */ = {
			isa = PBXVariantGroup;
			children = (
				D4C57C3526C146D6000351FE /* Base */,
			);
			name = Main.storyboard;
			sourceTree = "<group>";
		};
		D4C57C3926C146D7000351FE /* LaunchScreen.storyboard */ = {
			isa = PBXVariantGroup;
			children = (
				D4C57C3A26C146D7000351FE /* Base */,
			);
			name = LaunchScreen.storyboard;
			sourceTree = "<group>";
		};
/* End PBXVariantGroup section */

/* Begin XCBuildConfiguration section */
		D4C57C3D26C146D7000351FE /* Debug */ = {
			isa = XCBuildConfiguration;
			buildSettings = {
				ALWAYS_SEARCH_USER_PATHS = NO;
				CLANG_ANALYZER_NONNULL = YES;
				CLANG_ANALYZER_NUMBER_OBJECT_CONVERSION = YES_AGGRESSIVE;
				CLANG_CXX_LANGUAGE_STANDARD = "gnu++14";
				CLANG_CXX_LIBRARY = "libc++";
				CLANG_ENABLE_MODULES = YES;
				CLANG_ENABLE_OBJC_ARC = YES;
				CLANG_ENABLE_OBJC_WEAK = YES;
				CLANG_WARN_BLOCK_CAPTURE_AUTORELEASING = YES;
				CLANG_WARN_BOOL_CONVERSION = YES;
				CLANG_WARN_COMMA = YES;
				CLANG_WARN_CONSTANT_CONVERSION = YES;
				CLANG_WARN_DEPRECATED_OBJC_IMPLEMENTATIONS = YES;
				CLANG_WARN_DIRECT_OBJC_ISA_USAGE = YES_ERROR;
				CLANG_WARN_DOCUMENTATION_COMMENTS = YES;
				CLANG_WARN_EMPTY_BODY = YES;
				CLANG_WARN_ENUM_CONVERSION = YES;
				CLANG_WARN_INFINITE_RECURSION = YES;
				CLANG_WARN_INT_CONVERSION = YES;
				CLANG_WARN_NON_LITERAL_NULL_CONVERSION = YES;
				CLANG_WARN_OBJC_IMPLICIT_RETAIN_SELF = YES;
				CLANG_WARN_OBJC_LITERAL_CONVERSION = YES;
				CLANG_WARN_OBJC_ROOT_CLASS = YES_ERROR;
				CLANG_WARN_QUOTED_INCLUDE_IN_FRAMEWORK_HEADER = YES;
				CLANG_WARN_RANGE_LOOP_ANALYSIS = YES;
				CLANG_WARN_STRICT_PROTOTYPES = YES;
				CLANG_WARN_SUSPICIOUS_MOVE = YES;
				CLANG_WARN_UNGUARDED_AVAILABILITY = YES_AGGRESSIVE;
				CLANG_WARN_UNREACHABLE_CODE = YES;
				CLANG_WARN__DUPLICATE_METHOD_MATCH = YES;
				COPY_PHASE_STRIP = NO;
				DEBUG_INFORMATION_FORMAT = dwarf;
				ENABLE_STRICT_OBJC_MSGSEND = YES;
				ENABLE_TESTABILITY = YES;
				GCC_C_LANGUAGE_STANDARD = gnu11;
				GCC_DYNAMIC_NO_PIC = NO;
				GCC_NO_COMMON_BLOCKS = YES;
				GCC_OPTIMIZATION_LEVEL = 0;
				GCC_PREPROCESSOR_DEFINITIONS = (
					"DEBUG=1",
					"$(inherited)",
				);
				GCC_WARN_64_TO_32_BIT_CONVERSION = YES;
				GCC_WARN_ABOUT_RETURN_TYPE = YES_ERROR;
				GCC_WARN_UNDECLARED_SELECTOR = YES;
				GCC_WARN_UNINITIALIZED_AUTOS = YES_AGGRESSIVE;
				GCC_WARN_UNUSED_FUNCTION = YES;
				GCC_WARN_UNUSED_VARIABLE = YES;
				IPHONEOS_DEPLOYMENT_TARGET = 14.5;
				MTL_ENABLE_DEBUG_INFO = INCLUDE_SOURCE;
				MTL_FAST_MATH = YES;
				ONLY_ACTIVE_ARCH = YES;
				SDKROOT = iphoneos;
				SWIFT_ACTIVE_COMPILATION_CONDITIONS = DEBUG;
				SWIFT_OPTIMIZATION_LEVEL = "-Onone";
			};
			name = Debug;
		};
		D4C57C3E26C146D7000351FE /* Release */ = {
			isa = XCBuildConfiguration;
			buildSettings = {
				ALWAYS_SEARCH_USER_PATHS = NO;
				CLANG_ANALYZER_NONNULL = YES;
				CLANG_ANALYZER_NUMBER_OBJECT_CONVERSION = YES_AGGRESSIVE;
				CLANG_CXX_LANGUAGE_STANDARD = "gnu++14";
				CLANG_CXX_LIBRARY = "libc++";
				CLANG_ENABLE_MODULES = YES;
				CLANG_ENABLE_OBJC_ARC = YES;
				CLANG_ENABLE_OBJC_WEAK = YES;
				CLANG_WARN_BLOCK_CAPTURE_AUTORELEASING = YES;
				CLANG_WARN_BOOL_CONVERSION = YES;
				CLANG_WARN_COMMA = YES;
				CLANG_WARN_CONSTANT_CONVERSION = YES;
				CLANG_WARN_DEPRECATED_OBJC_IMPLEMENTATIONS = YES;
				CLANG_WARN_DIRECT_OBJC_ISA_USAGE = YES_ERROR;
				CLANG_WARN_DOCUMENTATION_COMMENTS = YES;
				CLANG_WARN_EMPTY_BODY = YES;
				CLANG_WARN_ENUM_CONVERSION = YES;
				CLANG_WARN_INFINITE_RECURSION = YES;
				CLANG_WARN_INT_CONVERSION = YES;
				CLANG_WARN_NON_LITERAL_NULL_CONVERSION = YES;
				CLANG_WARN_OBJC_IMPLICIT_RETAIN_SELF = YES;
				CLANG_WARN_OBJC_LITERAL_CONVERSION = YES;
				CLANG_WARN_OBJC_ROOT_CLASS = YES_ERROR;
				CLANG_WARN_QUOTED_INCLUDE_IN_FRAMEWORK_HEADER = YES;
				CLANG_WARN_RANGE_LOOP_ANALYSIS = YES;
				CLANG_WARN_STRICT_PROTOTYPES = YES;
				CLANG_WARN_SUSPICIOUS_MOVE = YES;
				CLANG_WARN_UNGUARDED_AVAILABILITY = YES_AGGRESSIVE;
				CLANG_WARN_UNREACHABLE_CODE = YES;
				CLANG_WARN__DUPLICATE_METHOD_MATCH = YES;
				COPY_PHASE_STRIP = NO;
				DEBUG_INFORMATION_FORMAT = "dwarf-with-dsym";
				ENABLE_NS_ASSERTIONS = NO;
				ENABLE_STRICT_OBJC_MSGSEND = YES;
				GCC_C_LANGUAGE_STANDARD = gnu11;
				GCC_NO_COMMON_BLOCKS = YES;
				GCC_WARN_64_TO_32_BIT_CONVERSION = YES;
				GCC_WARN_ABOUT_RETURN_TYPE = YES_ERROR;
				GCC_WARN_UNDECLARED_SELECTOR = YES;
				GCC_WARN_UNINITIALIZED_AUTOS = YES_AGGRESSIVE;
				GCC_WARN_UNUSED_FUNCTION = YES;
				GCC_WARN_UNUSED_VARIABLE = YES;
				IPHONEOS_DEPLOYMENT_TARGET = 14.5;
				MTL_ENABLE_DEBUG_INFO = NO;
				MTL_FAST_MATH = YES;
				SDKROOT = iphoneos;
				SWIFT_COMPILATION_MODE = wholemodule;
				SWIFT_OPTIMIZATION_LEVEL = "-O";
				VALIDATE_PRODUCT = YES;
			};
			name = Release;
		};
		D4C57C4026C146D7000351FE /* Debug */ = {
			isa = XCBuildConfiguration;
			baseConfigurationReference = 59BFC1D253F5DC78E51B4660 /* Pods-GroupChat.debug.xcconfig */;
			buildSettings = {
				ASSETCATALOG_COMPILER_APPICON_NAME = AppIcon;
				ASSETCATALOG_COMPILER_GLOBAL_ACCENT_COLOR_NAME = AccentColor;
				CODE_SIGN_STYLE = Automatic;
				DEVELOPMENT_TEAM = 3T3SQM5JBN;
				INFOPLIST_FILE = GroupChat/Info.plist;
				LD_RUNPATH_SEARCH_PATHS = (
					"$(inherited)",
					"@executable_path/Frameworks",
				);
				PRODUCT_BUNDLE_IDENTIFIER = "edu.rose-hulman.yinz1.GroupChat";
				PRODUCT_NAME = "$(TARGET_NAME)";
				SWIFT_VERSION = 5.0;
				TARGETED_DEVICE_FAMILY = "1,2";
			};
			name = Debug;
		};
		D4C57C4126C146D7000351FE /* Release */ = {
			isa = XCBuildConfiguration;
			baseConfigurationReference = 8146E42E36A6B04EA2094F6D /* Pods-GroupChat.release.xcconfig */;
			buildSettings = {
				ASSETCATALOG_COMPILER_APPICON_NAME = AppIcon;
				ASSETCATALOG_COMPILER_GLOBAL_ACCENT_COLOR_NAME = AccentColor;
				CODE_SIGN_STYLE = Automatic;
				DEVELOPMENT_TEAM = 3T3SQM5JBN;
				INFOPLIST_FILE = GroupChat/Info.plist;
				LD_RUNPATH_SEARCH_PATHS = (
					"$(inherited)",
					"@executable_path/Frameworks",
				);
				PRODUCT_BUNDLE_IDENTIFIER = "edu.rose-hulman.yinz1.GroupChat";
				PRODUCT_NAME = "$(TARGET_NAME)";
				SWIFT_VERSION = 5.0;
				TARGETED_DEVICE_FAMILY = "1,2";
			};
			name = Release;
		};
/* End XCBuildConfiguration section */

/* Begin XCConfigurationList section */
		D4C57C2626C146D6000351FE /* Build configuration list for PBXProject "GroupChat" */ = {
			isa = XCConfigurationList;
			buildConfigurations = (
				D4C57C3D26C146D7000351FE /* Debug */,
				D4C57C3E26C146D7000351FE /* Release */,
			);
			defaultConfigurationIsVisible = 0;
			defaultConfigurationName = Release;
		};
		D4C57C3F26C146D7000351FE /* Build configuration list for PBXNativeTarget "GroupChat" */ = {
			isa = XCConfigurationList;
			buildConfigurations = (
				D4C57C4026C146D7000351FE /* Debug */,
				D4C57C4126C146D7000351FE /* Release */,
			);
			defaultConfigurationIsVisible = 0;
			defaultConfigurationName = Release;
		};
/* End XCConfigurationList section */
	};
	rootObject = D4C57C2326C146D6000351FE /* Project object */;
}
